
Microsoft Visual Studio Solution File, Format Version 11.00
# Visual Studio 2010
Project("{FAE04EC0-301F-11D3-BF4B-00C04F79EFBC}") = "VuforiaScripts", "VuforiaScripts.csproj", "{381DD938-184B-77FB-F76D-6B400C54CD88}"
EndProject
Project("{FAE04EC0-301F-11D3-BF4B-00C04F79EFBC}") = "Assembly-CSharp", "Assembly-CSharp.csproj", "{94D879D9-6E08-5581-111C-78D008CC7A58}"
EndProject
Project("{FAE04EC0-301F-11D3-BF4B-00C04F79EFBC}") = "VuforiaEditorScripts", "VuforiaEditorScripts.csproj", "{FFB53293-EE58-8618-3D48-D1E3C6CC5ED5}"
EndProject
Global
	GlobalSection(SolutionConfigurationPlatforms) = preSolution
		Debug|Any CPU = Debug|Any CPU
		Release|Any CPU = Release|Any CPU
	EndGlobalSection
	GlobalSection(ProjectConfigurationPlatforms) = postSolution
		{381DD938-184B-77FB-F76D-6B400C54CD88}.Debug|Any CPU.ActiveCfg = Debug|Any CPU
		{381DD938-184B-77FB-F76D-6B400C54CD88}.Debug|Any CPU.Build.0 = Debug|Any CPU
		{381DD938-184B-77FB-F76D-6B400C54CD88}.Release|Any CPU.ActiveCfg = Release|Any CPU
		{381DD938-184B-77FB-F76D-6B400C54CD88}.Release|Any CPU.Build.0 = Release|Any CPU
		{94D879D9-6E08-5581-111C-78D008CC7A58}.Debug|Any CPU.ActiveCfg = Debug|Any CPU
		{94D879D9-6E08-5581-111C-78D008CC7A58}.Debug|Any CPU.Build.0 = Debug|Any CPU
		{94D879D9-6E08-5581-111C-78D008CC7A58}.Release|Any CPU.ActiveCfg = Release|Any CPU
		{94D879D9-6E08-5581-111C-78D008CC7A58}.Release|Any CPU.Build.0 = Release|Any CPU
		{FFB53293-EE58-8618-3D48-D1E3C6CC5ED5}.Debug|Any CPU.ActiveCfg = Debug|Any CPU
		{FFB53293-EE58-8618-3D48-D1E3C6CC5ED5}.Debug|Any CPU.Build.0 = Debug|Any CPU
		{FFB53293-EE58-8618-3D48-D1E3C6CC5ED5}.Release|Any CPU.ActiveCfg = Release|Any CPU
		{FFB53293-EE58-8618-3D48-D1E3C6CC5ED5}.Release|Any CPU.Build.0 = Release|Any CPU
	EndGlobalSection
	GlobalSection(SolutionProperties) = preSolution
		HideSolutionNode = FALSE
	EndGlobalSection
EndGlobal
